// !$*UTF8*$!
{
	archiveVersion = 1;
	classes = {
	};
	objectVersion = 56;
	objects = {

/* Begin PBXBuildFile section */
		553E357E299192D7004D9F17 /* Coordinator.swift in Sources */ = {isa = PBXBuildFile; fileRef = 553E357D299192D7004D9F17 /* Coordinator.swift */; };
		553E3580299196F9004D9F17 /* MovieListViewController.swift in Sources */ = {isa = PBXBuildFile; fileRef = 553E357F299196F9004D9F17 /* MovieListViewController.swift */; };
		553E35822992884D004D9F17 /* Movie.swift in Sources */ = {isa = PBXBuildFile; fileRef = 553E35812992884D004D9F17 /* Movie.swift */; };
		553E358429928E64004D9F17 /* MovieList.swift in Sources */ = {isa = PBXBuildFile; fileRef = 553E358329928E64004D9F17 /* MovieList.swift */; };
		553E358629928EA2004D9F17 /* MovieListViewModel.swift in Sources */ = {isa = PBXBuildFile; fileRef = 553E358529928EA2004D9F17 /* MovieListViewModel.swift */; };
		553E358C29929FCC004D9F17 /* MovieListTableViewCell.swift in Sources */ = {isa = PBXBuildFile; fileRef = 553E358B29929FCC004D9F17 /* MovieListTableViewCell.swift */; };
		5581CACC297752F90071613F /* AppDelegate.swift in Sources */ = {isa = PBXBuildFile; fileRef = 5581CACB297752F90071613F /* AppDelegate.swift */; };
		5581CACE297752F90071613F /* SceneDelegate.swift in Sources */ = {isa = PBXBuildFile; fileRef = 5581CACD297752F90071613F /* SceneDelegate.swift */; };
		5581CAD6297752F90071613F /* MobileChallenge01.xcdatamodeld in Sources */ = {isa = PBXBuildFile; fileRef = 5581CAD4297752F90071613F /* MobileChallenge01.xcdatamodeld */; };
		5581CAD8297752FA0071613F /* Assets.xcassets in Resources */ = {isa = PBXBuildFile; fileRef = 5581CAD7297752FA0071613F /* Assets.xcassets */; };
		5581CADB297752FA0071613F /* LaunchScreen.storyboard in Resources */ = {isa = PBXBuildFile; fileRef = 5581CAD9297752FA0071613F /* LaunchScreen.storyboard */; };
		5581CAF0297752FA0071613F /* MobileChallenge01UITests.swift in Sources */ = {isa = PBXBuildFile; fileRef = 5581CAEF297752FA0071613F /* MobileChallenge01UITests.swift */; };
		5581CAF2297752FA0071613F /* MobileChallenge01UITestsLaunchTests.swift in Sources */ = {isa = PBXBuildFile; fileRef = 5581CAF1297752FA0071613F /* MobileChallenge01UITestsLaunchTests.swift */; };
		55FA31AA29942A37006B3971 /* MovieListTableView.swift in Sources */ = {isa = PBXBuildFile; fileRef = 55FA31A929942A37006B3971 /* MovieListTableView.swift */; };
		55FA31AE29942FDD006B3971 /* MovieListTableViewController.swift in Sources */ = {isa = PBXBuildFile; fileRef = 55FA31AD29942FDD006B3971 /* MovieListTableViewController.swift */; };
		55FA31B129943584006B3971 /* UITableViewConstraintDelegate.swift in Sources */ = {isa = PBXBuildFile; fileRef = 55FA31B029943584006B3971 /* UITableViewConstraintDelegate.swift */; };
		55FA31B5299437C6006B3971 /* UINavigationController.swift in Sources */ = {isa = PBXBuildFile; fileRef = 55FA31B4299437C6006B3971 /* UINavigationController.swift */; };
		55FA31B7299FE886006B3971 /* CellIdentifiable.swift in Sources */ = {isa = PBXBuildFile; fileRef = 55FA31B6299FE886006B3971 /* CellIdentifiable.swift */; };
		55FA31BC29A50D47006B3971 /* MovieDetailViewController.swift in Sources */ = {isa = PBXBuildFile; fileRef = 55FA31BB29A50D47006B3971 /* MovieDetailViewController.swift */; };
		55FA31BF29A50DE6006B3971 /* MovieDetailViewModel.swift in Sources */ = {isa = PBXBuildFile; fileRef = 55FA31BE29A50DE6006B3971 /* MovieDetailViewModel.swift */; };
		55FA31C429A51838006B3971 /* MovieDetailViewModelTests.swift in Sources */ = {isa = PBXBuildFile; fileRef = 55FA31C329A51838006B3971 /* MovieDetailViewModelTests.swift */; };
		55FA31C629A51EAA006B3971 /* MovieListViewModelTests.swift in Sources */ = {isa = PBXBuildFile; fileRef = 55FA31C529A51EAA006B3971 /* MovieListViewModelTests.swift */; };
		55FA31CF29A7D020006B3971 /* NetworkLayer in Frameworks */ = {isa = PBXBuildFile; productRef = 55FA31CE29A7D020006B3971 /* NetworkLayer */; };
/* End PBXBuildFile section */

/* Begin PBXContainerItemProxy section */
		5581CAE2297752FA0071613F /* PBXContainerItemProxy */ = {
			isa = PBXContainerItemProxy;
			containerPortal = 5581CAC0297752F90071613F /* Project object */;
			proxyType = 1;
			remoteGlobalIDString = 5581CAC7297752F90071613F;
			remoteInfo = MobileChallenge01;
		};
		5581CAEC297752FA0071613F /* PBXContainerItemProxy */ = {
			isa = PBXContainerItemProxy;
			containerPortal = 5581CAC0297752F90071613F /* Project object */;
			proxyType = 1;
			remoteGlobalIDString = 5581CAC7297752F90071613F;
			remoteInfo = MobileChallenge01;
		};
/* End PBXContainerItemProxy section */

/* Begin PBXFileReference section */
		553E357D299192D7004D9F17 /* Coordinator.swift */ = {isa = PBXFileReference; lastKnownFileType = sourcecode.swift; path = Coordinator.swift; sourceTree = "<group>"; };
		553E357F299196F9004D9F17 /* MovieListViewController.swift */ = {isa = PBXFileReference; lastKnownFileType = sourcecode.swift; path = MovieListViewController.swift; sourceTree = "<group>"; };
		553E35812992884D004D9F17 /* Movie.swift */ = {isa = PBXFileReference; lastKnownFileType = sourcecode.swift; path = Movie.swift; sourceTree = "<group>"; };
		553E358329928E64004D9F17 /* MovieList.swift */ = {isa = PBXFileReference; lastKnownFileType = sourcecode.swift; path = MovieList.swift; sourceTree = "<group>"; };
		553E358529928EA2004D9F17 /* MovieListViewModel.swift */ = {isa = PBXFileReference; lastKnownFileType = sourcecode.swift; path = MovieListViewModel.swift; sourceTree = "<group>"; };
		553E358B29929FCC004D9F17 /* MovieListTableViewCell.swift */ = {isa = PBXFileReference; lastKnownFileType = sourcecode.swift; path = MovieListTableViewCell.swift; sourceTree = "<group>"; };
		5581CACB297752F90071613F /* AppDelegate.swift */ = {isa = PBXFileReference; lastKnownFileType = sourcecode.swift; path = AppDelegate.swift; sourceTree = "<group>"; };
		5581CACD297752F90071613F /* SceneDelegate.swift */ = {isa = PBXFileReference; lastKnownFileType = sourcecode.swift; path = SceneDelegate.swift; sourceTree = "<group>"; };
		5581CAD5297752F90071613F /* MobileChallenge01.xcdatamodel */ = {isa = PBXFileReference; lastKnownFileType = wrapper.xcdatamodel; path = MobileChallenge01.xcdatamodel; sourceTree = "<group>"; };
		5581CAD7297752FA0071613F /* Assets.xcassets */ = {isa = PBXFileReference; lastKnownFileType = folder.assetcatalog; path = Assets.xcassets; sourceTree = "<group>"; };
		5581CADA297752FA0071613F /* Base */ = {isa = PBXFileReference; lastKnownFileType = file.storyboard; name = Base; path = Base.lproj/LaunchScreen.storyboard; sourceTree = "<group>"; };
		5581CADC297752FA0071613F /* Info.plist */ = {isa = PBXFileReference; lastKnownFileType = text.plist.xml; path = Info.plist; sourceTree = "<group>"; };
		5581CAEF297752FA0071613F /* MobileChallenge01UITests.swift */ = {isa = PBXFileReference; lastKnownFileType = sourcecode.swift; path = MobileChallenge01UITests.swift; sourceTree = "<group>"; };
		5581CAF1297752FA0071613F /* MobileChallenge01UITestsLaunchTests.swift */ = {isa = PBXFileReference; lastKnownFileType = sourcecode.swift; path = MobileChallenge01UITestsLaunchTests.swift; sourceTree = "<group>"; };
		5599D35529B11EFA0093001A /* MobileChallenge01.app */ = {isa = PBXFileReference; explicitFileType = wrapper.application; includeInIndex = 0; name = MobileChallenge01.app; path = "/Users/rcb/Documents/GitHub/MobileChallenge01/build/Debug-iphoneos/MobileChallenge01.app"; sourceTree = "<absolute>"; };
		5599D35629B11EFA0093001A /* MobileChallenge01Tests.xctest */ = {isa = PBXFileReference; explicitFileType = wrapper.cfbundle; includeInIndex = 0; name = MobileChallenge01Tests.xctest; path = "/Users/rcb/Documents/GitHub/MobileChallenge01/build/Debug-iphoneos/MobileChallenge01Tests.xctest"; sourceTree = "<absolute>"; };
		5599D35729B11EFA0093001A /* MobileChallenge01UITests.xctest */ = {isa = PBXFileReference; explicitFileType = wrapper.cfbundle; includeInIndex = 0; name = MobileChallenge01UITests.xctest; path = "/Users/rcb/Documents/GitHub/MobileChallenge01/build/Debug-iphoneos/MobileChallenge01UITests.xctest"; sourceTree = "<absolute>"; };
		55FA31A929942A37006B3971 /* MovieListTableView.swift */ = {isa = PBXFileReference; lastKnownFileType = sourcecode.swift; path = MovieListTableView.swift; sourceTree = "<group>"; };
		55FA31AD29942FDD006B3971 /* MovieListTableViewController.swift */ = {isa = PBXFileReference; lastKnownFileType = sourcecode.swift; path = MovieListTableViewController.swift; sourceTree = "<group>"; };
		55FA31B029943584006B3971 /* UITableViewConstraintDelegate.swift */ = {isa = PBXFileReference; lastKnownFileType = sourcecode.swift; path = UITableViewConstraintDelegate.swift; sourceTree = "<group>"; };
		55FA31B4299437C6006B3971 /* UINavigationController.swift */ = {isa = PBXFileReference; lastKnownFileType = sourcecode.swift; path = UINavigationController.swift; sourceTree = "<group>"; };
		55FA31B6299FE886006B3971 /* CellIdentifiable.swift */ = {isa = PBXFileReference; lastKnownFileType = sourcecode.swift; path = CellIdentifiable.swift; sourceTree = "<group>"; };
		55FA31BB29A50D47006B3971 /* MovieDetailViewController.swift */ = {isa = PBXFileReference; lastKnownFileType = sourcecode.swift; path = MovieDetailViewController.swift; sourceTree = "<group>"; };
		55FA31BE29A50DE6006B3971 /* MovieDetailViewModel.swift */ = {isa = PBXFileReference; lastKnownFileType = sourcecode.swift; path = MovieDetailViewModel.swift; sourceTree = "<group>"; };
		55FA31C329A51838006B3971 /* MovieDetailViewModelTests.swift */ = {isa = PBXFileReference; lastKnownFileType = sourcecode.swift; path = MovieDetailViewModelTests.swift; sourceTree = "<group>"; };
		55FA31C529A51EAA006B3971 /* MovieListViewModelTests.swift */ = {isa = PBXFileReference; lastKnownFileType = sourcecode.swift; path = MovieListViewModelTests.swift; sourceTree = "<group>"; };
		55FA31CC29A7D007006B3971 /* NetworkLayer */ = {isa = PBXFileReference; lastKnownFileType = wrapper; path = NetworkLayer; sourceTree = "<group>"; };
/* End PBXFileReference section */

/* Begin PBXFrameworksBuildPhase section */
		5581CAC5297752F90071613F /* Frameworks */ = {
			isa = PBXFrameworksBuildPhase;
			buildActionMask = 2147483647;
			files = (
				55FA31CF29A7D020006B3971 /* NetworkLayer in Frameworks */,
			);
			runOnlyForDeploymentPostprocessing = 0;
		};
		5581CADE297752FA0071613F /* Frameworks */ = {
			isa = PBXFrameworksBuildPhase;
			buildActionMask = 2147483647;
			files = (
			);
			runOnlyForDeploymentPostprocessing = 0;
		};
		5581CAE8297752FA0071613F /* Frameworks */ = {
			isa = PBXFrameworksBuildPhase;
			buildActionMask = 2147483647;
			files = (
			);
			runOnlyForDeploymentPostprocessing = 0;
		};
/* End PBXFrameworksBuildPhase section */

/* Begin PBXGroup section */
		553E357A299192A9004D9F17 /* View */ = {
			isa = PBXGroup;
			children = (
				55FA31AB29942FB0006B3971 /* MovieListTableView */,
			);
			path = View;
			sourceTree = "<group>";
		};
		553E357B299192B2004D9F17 /* Model */ = {
			isa = PBXGroup;
			children = (
				553E35812992884D004D9F17 /* Movie.swift */,
				553E358329928E64004D9F17 /* MovieList.swift */,
			);
			path = Model;
			sourceTree = "<group>";
		};
		553E357C299192BB004D9F17 /* Services */ = {
			isa = PBXGroup;
			children = (
				553E357D299192D7004D9F17 /* Coordinator.swift */,
			);
			path = Services;
			sourceTree = "<group>";
		};
		553E3589299299D7004D9F17 /* Screens */ = {
			isa = PBXGroup;
			children = (
				55FA31C029A50F9B006B3971 /* Shared */,
				55FA31B929A50D2C006B3971 /* MovieDetail */,
				553E358A299299E0004D9F17 /* MovieList */,
			);
			path = Screens;
			sourceTree = "<group>";
		};
		553E358A299299E0004D9F17 /* MovieList */ = {
			isa = PBXGroup;
			children = (
				553E357F299196F9004D9F17 /* MovieListViewController.swift */,
				553E358529928EA2004D9F17 /* MovieListViewModel.swift */,
				553E357A299192A9004D9F17 /* View */,
			);
			path = MovieList;
			sourceTree = "<group>";
		};
		5581CABF297752F90071613F = {
			isa = PBXGroup;
			children = (
				55FA31CC29A7D007006B3971 /* NetworkLayer */,
				5581CACA297752F90071613F /* MobileChallenge01 */,
				5581CAE4297752FA0071613F /* MobileChallenge01Tests */,
				5581CAEE297752FA0071613F /* MobileChallenge01UITests */,
			);
			sourceTree = "<group>";
		};
		5581CACA297752F90071613F /* MobileChallenge01 */ = {
			isa = PBXGroup;
			children = (
				55FA31B3299437B2006B3971 /* Extensions */,
				553E357C299192BB004D9F17 /* Services */,
				553E3589299299D7004D9F17 /* Screens */,
				5581CAFE297838000071613F /* Application */,
			);
			path = MobileChallenge01;
			sourceTree = "<group>";
		};
		5581CAE4297752FA0071613F /* MobileChallenge01Tests */ = {
			isa = PBXGroup;
			children = (
				55FA31C329A51838006B3971 /* MovieDetailViewModelTests.swift */,
				55FA31C529A51EAA006B3971 /* MovieListViewModelTests.swift */,
			);
			path = MobileChallenge01Tests;
			sourceTree = "<group>";
		};
		5581CAEE297752FA0071613F /* MobileChallenge01UITests */ = {
			isa = PBXGroup;
			children = (
				5581CAEF297752FA0071613F /* MobileChallenge01UITests.swift */,
				5581CAF1297752FA0071613F /* MobileChallenge01UITestsLaunchTests.swift */,
			);
			path = MobileChallenge01UITests;
			sourceTree = "<group>";
		};
		5581CAFE297838000071613F /* Application */ = {
			isa = PBXGroup;
			children = (
				5581CAD9297752FA0071613F /* LaunchScreen.storyboard */,
				5581CADC297752FA0071613F /* Info.plist */,
				5581CAD7297752FA0071613F /* Assets.xcassets */,
				5581CB022978383D0071613F /* Delegate */,
				5581CB05297838E10071613F /* Storage */,
			);
			path = Application;
			sourceTree = "<group>";
		};
		5581CB022978383D0071613F /* Delegate */ = {
			isa = PBXGroup;
			children = (
				5581CACB297752F90071613F /* AppDelegate.swift */,
				5581CACD297752F90071613F /* SceneDelegate.swift */,
			);
			path = Delegate;
			sourceTree = "<group>";
		};
		5581CB05297838E10071613F /* Storage */ = {
			isa = PBXGroup;
			children = (
				5581CAD4297752F90071613F /* MobileChallenge01.xcdatamodeld */,
			);
			path = Storage;
			sourceTree = "<group>";
		};
		55FA31AB29942FB0006B3971 /* MovieListTableView */ = {
			isa = PBXGroup;
			children = (
				55FA31AD29942FDD006B3971 /* MovieListTableViewController.swift */,
				55FA31AF2994300A006B3971 /* View */,
				55FA31C229A512A6006B3971 /* Protocol */,
				55FA31C129A5129D006B3971 /* Delegate */,
			);
			path = MovieListTableView;
			sourceTree = "<group>";
		};
		55FA31AF2994300A006B3971 /* View */ = {
			isa = PBXGroup;
			children = (
				553E358B29929FCC004D9F17 /* MovieListTableViewCell.swift */,
				55FA31A929942A37006B3971 /* MovieListTableView.swift */,
			);
			path = View;
			sourceTree = "<group>";
		};
		55FA31B3299437B2006B3971 /* Extensions */ = {
			isa = PBXGroup;
			children = (
				55FA31B4299437C6006B3971 /* UINavigationController.swift */,
			);
			path = Extensions;
			sourceTree = "<group>";
		};
		55FA31B929A50D2C006B3971 /* MovieDetail */ = {
			isa = PBXGroup;
			children = (
				55FA31BE29A50DE6006B3971 /* MovieDetailViewModel.swift */,
				55FA31BB29A50D47006B3971 /* MovieDetailViewController.swift */,
			);
			path = MovieDetail;
			sourceTree = "<group>";
		};
		55FA31C029A50F9B006B3971 /* Shared */ = {
			isa = PBXGroup;
			children = (
				553E357B299192B2004D9F17 /* Model */,
			);
			path = Shared;
			sourceTree = "<group>";
		};
		55FA31C129A5129D006B3971 /* Delegate */ = {
			isa = PBXGroup;
			children = (
				55FA31B029943584006B3971 /* UITableViewConstraintDelegate.swift */,
			);
			path = Delegate;
			sourceTree = "<group>";
		};
		55FA31C229A512A6006B3971 /* Protocol */ = {
			isa = PBXGroup;
			children = (
				55FA31B6299FE886006B3971 /* CellIdentifiable.swift */,
			);
			path = Protocol;
			sourceTree = "<group>";
		};
/* End PBXGroup section */

/* Begin PBXNativeTarget section */
		5581CAC7297752F90071613F /* MobileChallenge01 */ = {
			isa = PBXNativeTarget;
			buildConfigurationList = 5581CAF5297752FA0071613F /* Build configuration list for PBXNativeTarget "MobileChallenge01" */;
			buildPhases = (
				5581CAC4297752F90071613F /* Sources */,
				5581CAC5297752F90071613F /* Frameworks */,
				5581CAC6297752F90071613F /* Resources */,
				5581CB06297848000071613F /* ShellScript */,
			);
			buildRules = (
			);
			dependencies = (
			);
			name = MobileChallenge01;
			packageProductDependencies = (
				55FA31CE29A7D020006B3971 /* NetworkLayer */,
			);
			productName = MobileChallenge01;
			productReference = 5599D35529B11EFA0093001A /* MobileChallenge01.app */;
			productType = "com.apple.product-type.application";
		};
		5581CAE0297752FA0071613F /* MobileChallenge01Tests */ = {
			isa = PBXNativeTarget;
			buildConfigurationList = 5581CAF8297752FA0071613F /* Build configuration list for PBXNativeTarget "MobileChallenge01Tests" */;
			buildPhases = (
				5581CADD297752FA0071613F /* Sources */,
				5581CADE297752FA0071613F /* Frameworks */,
				5581CADF297752FA0071613F /* Resources */,
			);
			buildRules = (
			);
			dependencies = (
				5581CAE3297752FA0071613F /* PBXTargetDependency */,
			);
			name = MobileChallenge01Tests;
			productName = MobileChallenge01Tests;
			productReference = 5599D35629B11EFA0093001A /* MobileChallenge01Tests.xctest */;
			productType = "com.apple.product-type.bundle.unit-test";
		};
		5581CAEA297752FA0071613F /* MobileChallenge01UITests */ = {
			isa = PBXNativeTarget;
			buildConfigurationList = 5581CAFB297752FA0071613F /* Build configuration list for PBXNativeTarget "MobileChallenge01UITests" */;
			buildPhases = (
				5581CAE7297752FA0071613F /* Sources */,
				5581CAE8297752FA0071613F /* Frameworks */,
				5581CAE9297752FA0071613F /* Resources */,
			);
			buildRules = (
			);
			dependencies = (
				5581CAED297752FA0071613F /* PBXTargetDependency */,
			);
			name = MobileChallenge01UITests;
			productName = MobileChallenge01UITests;
			productReference = 5599D35729B11EFA0093001A /* MobileChallenge01UITests.xctest */;
			productType = "com.apple.product-type.bundle.ui-testing";
		};
/* End PBXNativeTarget section */

/* Begin PBXProject section */
		5581CAC0297752F90071613F /* Project object */ = {
			isa = PBXProject;
			attributes = {
				BuildIndependentTargetsInParallel = 1;
				LastSwiftUpdateCheck = 1420;
				LastUpgradeCheck = 1420;
				TargetAttributes = {
					5581CAC7297752F90071613F = {
						CreatedOnToolsVersion = 14.2;
					};
					5581CAE0297752FA0071613F = {
						CreatedOnToolsVersion = 14.2;
						TestTargetID = 5581CAC7297752F90071613F;
					};
					5581CAEA297752FA0071613F = {
						CreatedOnToolsVersion = 14.2;
						TestTargetID = 5581CAC7297752F90071613F;
					};
				};
			};
			buildConfigurationList = 5581CAC3297752F90071613F /* Build configuration list for PBXProject "MobileChallenge01" */;
			compatibilityVersion = "Xcode 14.0";
			developmentRegion = en;
			hasScannedForEncodings = 0;
			knownRegions = (
				en,
				Base,
			);
			mainGroup = 5581CABF297752F90071613F;
			productRefGroup = 5581CABF297752F90071613F;
			projectDirPath = "";
			projectRoot = "";
			targets = (
				5581CAC7297752F90071613F /* MobileChallenge01 */,
				5581CAE0297752FA0071613F /* MobileChallenge01Tests */,
				5581CAEA297752FA0071613F /* MobileChallenge01UITests */,
			);
		};
/* End PBXProject section */

/* Begin PBXResourcesBuildPhase section */
		5581CAC6297752F90071613F /* Resources */ = {
			isa = PBXResourcesBuildPhase;
			buildActionMask = 2147483647;
			files = (
				5581CADB297752FA0071613F /* LaunchScreen.storyboard in Resources */,
				5581CAD8297752FA0071613F /* Assets.xcassets in Resources */,
			);
			runOnlyForDeploymentPostprocessing = 0;
		};
		5581CADF297752FA0071613F /* Resources */ = {
			isa = PBXResourcesBuildPhase;
			buildActionMask = 2147483647;
			files = (
			);
			runOnlyForDeploymentPostprocessing = 0;
		};
		5581CAE9297752FA0071613F /* Resources */ = {
			isa = PBXResourcesBuildPhase;
			buildActionMask = 2147483647;
			files = (
			);
			runOnlyForDeploymentPostprocessing = 0;
		};
/* End PBXResourcesBuildPhase section */

/* Begin PBXShellScriptBuildPhase section */
		5581CB06297848000071613F /* ShellScript */ = {
			isa = PBXShellScriptBuildPhase;
			alwaysOutOfDate = 1;
			buildActionMask = 2147483647;
			files = (
			);
			inputFileListPaths = (
			);
			inputPaths = (
			);
			outputFileListPaths = (
			);
			outputPaths = (
			);
			runOnlyForDeploymentPostprocessing = 0;
			shellPath = /bin/sh;
			shellScript = "if which swiftlint >/dev/null; then\n  swiftlint\nelse\n  echo \"warning: SwiftLint not installed, download from https://github.com/realm/SwiftLint\"\nfi\n";
		};
/* End PBXShellScriptBuildPhase section */

/* Begin PBXSourcesBuildPhase section */
		5581CAC4297752F90071613F /* Sources */ = {
			isa = PBXSourcesBuildPhase;
			buildActionMask = 2147483647;
			files = (
				5581CACC297752F90071613F /* AppDelegate.swift in Sources */,
				55FA31BC29A50D47006B3971 /* MovieDetailViewController.swift in Sources */,
				553E357E299192D7004D9F17 /* Coordinator.swift in Sources */,
				553E35822992884D004D9F17 /* Movie.swift in Sources */,
				55FA31BF29A50DE6006B3971 /* MovieDetailViewModel.swift in Sources */,
				55FA31B7299FE886006B3971 /* CellIdentifiable.swift in Sources */,
				55FA31B129943584006B3971 /* UITableViewConstraintDelegate.swift in Sources */,
				553E358629928EA2004D9F17 /* MovieListViewModel.swift in Sources */,
				5581CAD6297752F90071613F /* MobileChallenge01.xcdatamodeld in Sources */,
				55FA31B5299437C6006B3971 /* UINavigationController.swift in Sources */,
				553E3580299196F9004D9F17 /* MovieListViewController.swift in Sources */,
				5581CACE297752F90071613F /* SceneDelegate.swift in Sources */,
				553E358C29929FCC004D9F17 /* MovieListTableViewCell.swift in Sources */,
				55FA31AA29942A37006B3971 /* MovieListTableView.swift in Sources */,
				553E358429928E64004D9F17 /* MovieList.swift in Sources */,
				55FA31AE29942FDD006B3971 /* MovieListTableViewController.swift in Sources */,
			);
			runOnlyForDeploymentPostprocessing = 0;
		};
		5581CADD297752FA0071613F /* Sources */ = {
			isa = PBXSourcesBuildPhase;
			buildActionMask = 2147483647;
			files = (
				55FA31C429A51838006B3971 /* MovieDetailViewModelTests.swift in Sources */,
				55FA31C629A51EAA006B3971 /* MovieListViewModelTests.swift in Sources */,
			);
			runOnlyForDeploymentPostprocessing = 0;
		};
		5581CAE7297752FA0071613F /* Sources */ = {
			isa = PBXSourcesBuildPhase;
			buildActionMask = 2147483647;
			files = (
				5581CAF0297752FA0071613F /* MobileChallenge01UITests.swift in Sources */,
				5581CAF2297752FA0071613F /* MobileChallenge01UITestsLaunchTests.swift in Sources */,
			);
			runOnlyForDeploymentPostprocessing = 0;
		};
/* End PBXSourcesBuildPhase section */

/* Begin PBXTargetDependency section */
		5581CAE3297752FA0071613F /* PBXTargetDependency */ = {
			isa = PBXTargetDependency;
			target = 5581CAC7297752F90071613F /* MobileChallenge01 */;
			targetProxy = 5581CAE2297752FA0071613F /* PBXContainerItemProxy */;
		};
		5581CAED297752FA0071613F /* PBXTargetDependency */ = {
			isa = PBXTargetDependency;
			target = 5581CAC7297752F90071613F /* MobileChallenge01 */;
			targetProxy = 5581CAEC297752FA0071613F /* PBXContainerItemProxy */;
		};
/* End PBXTargetDependency section */

/* Begin PBXVariantGroup section */
		5581CAD9297752FA0071613F /* LaunchScreen.storyboard */ = {
			isa = PBXVariantGroup;
			children = (
				5581CADA297752FA0071613F /* Base */,
			);
			name = LaunchScreen.storyboard;
			sourceTree = "<group>";
		};
/* End PBXVariantGroup section */

/* Begin XCBuildConfiguration section */
		5581CAF3297752FA0071613F /* Debug */ = {
			isa = XCBuildConfiguration;
			buildSettings = {
				ALWAYS_SEARCH_USER_PATHS = NO;
				CLANG_ANALYZER_NONNULL = YES;
				CLANG_ANALYZER_NUMBER_OBJECT_CONVERSION = YES_AGGRESSIVE;
				CLANG_CXX_LANGUAGE_STANDARD = "gnu++20";
				CLANG_ENABLE_MODULES = YES;
				CLANG_ENABLE_OBJC_ARC = YES;
				CLANG_ENABLE_OBJC_WEAK = YES;
				CLANG_WARN_BLOCK_CAPTURE_AUTORELEASING = YES;
				CLANG_WARN_BOOL_CONVERSION = YES;
				CLANG_WARN_COMMA = YES;
				CLANG_WARN_CONSTANT_CONVERSION = YES;
				CLANG_WARN_DEPRECATED_OBJC_IMPLEMENTATIONS = YES;
				CLANG_WARN_DIRECT_OBJC_ISA_USAGE = YES_ERROR;
				CLANG_WARN_DOCUMENTATION_COMMENTS = YES;
				CLANG_WARN_EMPTY_BODY = YES;
				CLANG_WARN_ENUM_CONVERSION = YES;
				CLANG_WARN_INFINITE_RECURSION = YES;
				CLANG_WARN_INT_CONVERSION = YES;
				CLANG_WARN_NON_LITERAL_NULL_CONVERSION = YES;
				CLANG_WARN_OBJC_IMPLICIT_RETAIN_SELF = YES;
				CLANG_WARN_OBJC_LITERAL_CONVERSION = YES;
				CLANG_WARN_OBJC_ROOT_CLASS = YES_ERROR;
				CLANG_WARN_QUOTED_INCLUDE_IN_FRAMEWORK_HEADER = YES;
				CLANG_WARN_RANGE_LOOP_ANALYSIS = YES;
				CLANG_WARN_STRICT_PROTOTYPES = YES;
				CLANG_WARN_SUSPICIOUS_MOVE = YES;
				CLANG_WARN_UNGUARDED_AVAILABILITY = YES_AGGRESSIVE;
				CLANG_WARN_UNREACHABLE_CODE = YES;
				CLANG_WARN__DUPLICATE_METHOD_MATCH = YES;
				COPY_PHASE_STRIP = NO;
				DEBUG_INFORMATION_FORMAT = dwarf;
				ENABLE_STRICT_OBJC_MSGSEND = YES;
				ENABLE_TESTABILITY = YES;
				GCC_C_LANGUAGE_STANDARD = gnu11;
				GCC_DYNAMIC_NO_PIC = NO;
				GCC_NO_COMMON_BLOCKS = YES;
				GCC_OPTIMIZATION_LEVEL = 0;
				GCC_PREPROCESSOR_DEFINITIONS = (
					"DEBUG=1",
					"$(inherited)",
				);
				GCC_WARN_64_TO_32_BIT_CONVERSION = YES;
				GCC_WARN_ABOUT_RETURN_TYPE = YES_ERROR;
				GCC_WARN_UNDECLARED_SELECTOR = YES;
				GCC_WARN_UNINITIALIZED_AUTOS = YES_AGGRESSIVE;
				GCC_WARN_UNUSED_FUNCTION = YES;
				GCC_WARN_UNUSED_VARIABLE = YES;
				IPHONEOS_DEPLOYMENT_TARGET = 16.2;
				MTL_ENABLE_DEBUG_INFO = INCLUDE_SOURCE;
				MTL_FAST_MATH = YES;
				ONLY_ACTIVE_ARCH = YES;
				SDKROOT = iphoneos;
				SWIFT_ACTIVE_COMPILATION_CONDITIONS = DEBUG;
				SWIFT_OPTIMIZATION_LEVEL = "-Onone";
			};
			name = Debug;
		};
		5581CAF4297752FA0071613F /* Release */ = {
			isa = XCBuildConfiguration;
			buildSettings = {
				ALWAYS_SEARCH_USER_PATHS = NO;
				CLANG_ANALYZER_NONNULL = YES;
				CLANG_ANALYZER_NUMBER_OBJECT_CONVERSION = YES_AGGRESSIVE;
				CLANG_CXX_LANGUAGE_STANDARD = "gnu++20";
				CLANG_ENABLE_MODULES = YES;
				CLANG_ENABLE_OBJC_ARC = YES;
				CLANG_ENABLE_OBJC_WEAK = YES;
				CLANG_WARN_BLOCK_CAPTURE_AUTORELEASING = YES;
				CLANG_WARN_BOOL_CONVERSION = YES;
				CLANG_WARN_COMMA = YES;
				CLANG_WARN_CONSTANT_CONVERSION = YES;
				CLANG_WARN_DEPRECATED_OBJC_IMPLEMENTATIONS = YES;
				CLANG_WARN_DIRECT_OBJC_ISA_USAGE = YES_ERROR;
				CLANG_WARN_DOCUMENTATION_COMMENTS = YES;
				CLANG_WARN_EMPTY_BODY = YES;
				CLANG_WARN_ENUM_CONVERSION = YES;
				CLANG_WARN_INFINITE_RECURSION = YES;
				CLANG_WARN_INT_CONVERSION = YES;
				CLANG_WARN_NON_LITERAL_NULL_CONVERSION = YES;
				CLANG_WARN_OBJC_IMPLICIT_RETAIN_SELF = YES;
				CLANG_WARN_OBJC_LITERAL_CONVERSION = YES;
				CLANG_WARN_OBJC_ROOT_CLASS = YES_ERROR;
				CLANG_WARN_QUOTED_INCLUDE_IN_FRAMEWORK_HEADER = YES;
				CLANG_WARN_RANGE_LOOP_ANALYSIS = YES;
				CLANG_WARN_STRICT_PROTOTYPES = YES;
				CLANG_WARN_SUSPICIOUS_MOVE = YES;
				CLANG_WARN_UNGUARDED_AVAILABILITY = YES_AGGRESSIVE;
				CLANG_WARN_UNREACHABLE_CODE = YES;
				CLANG_WARN__DUPLICATE_METHOD_MATCH = YES;
				COPY_PHASE_STRIP = NO;
				DEBUG_INFORMATION_FORMAT = "dwarf-with-dsym";
				ENABLE_NS_ASSERTIONS = NO;
				ENABLE_STRICT_OBJC_MSGSEND = YES;
				GCC_C_LANGUAGE_STANDARD = gnu11;
				GCC_NO_COMMON_BLOCKS = YES;
				GCC_WARN_64_TO_32_BIT_CONVERSION = YES;
				GCC_WARN_ABOUT_RETURN_TYPE = YES_ERROR;
				GCC_WARN_UNDECLARED_SELECTOR = YES;
				GCC_WARN_UNINITIALIZED_AUTOS = YES_AGGRESSIVE;
				GCC_WARN_UNUSED_FUNCTION = YES;
				GCC_WARN_UNUSED_VARIABLE = YES;
				IPHONEOS_DEPLOYMENT_TARGET = 16.2;
				MTL_ENABLE_DEBUG_INFO = NO;
				MTL_FAST_MATH = YES;
				SDKROOT = iphoneos;
				SWIFT_COMPILATION_MODE = wholemodule;
				SWIFT_OPTIMIZATION_LEVEL = "-O";
				VALIDATE_PRODUCT = YES;
			};
			name = Release;
		};
		5581CAF6297752FA0071613F /* Debug */ = {
			isa = XCBuildConfiguration;
			buildSettings = {
				ASSETCATALOG_COMPILER_APPICON_NAME = AppIcon;
				ASSETCATALOG_COMPILER_GLOBAL_ACCENT_COLOR_NAME = AccentColor;
				CODE_SIGN_STYLE = Automatic;
				CURRENT_PROJECT_VERSION = 1;
				DEVELOPMENT_TEAM = 9VJNM48GB5;
				GENERATE_INFOPLIST_FILE = YES;
				INFOPLIST_FILE = MobileChallenge01/Application/Info.plist;
				INFOPLIST_KEY_CFBundleDisplayName = "Challenge BTG";
				INFOPLIST_KEY_LSApplicationCategoryType = "public.app-category.finance";
				INFOPLIST_KEY_UIApplicationSupportsIndirectInputEvents = YES;
				INFOPLIST_KEY_UILaunchStoryboardName = LaunchScreen;
				INFOPLIST_KEY_UIMainStoryboardFile = "";
				INFOPLIST_KEY_UIStatusBarStyle = "";
				INFOPLIST_KEY_UISupportedInterfaceOrientations = UIInterfaceOrientationPortrait;
				INFOPLIST_KEY_UISupportedInterfaceOrientations_iPad = "UIInterfaceOrientationLandscapeLeft UIInterfaceOrientationLandscapeRight UIInterfaceOrientationPortrait UIInterfaceOrientationPortraitUpsideDown";
				LD_RUNPATH_SEARCH_PATHS = (
					"$(inherited)",
					"@executable_path/Frameworks",
				);
				MARKETING_VERSION = 1.0;
				PRODUCT_BUNDLE_IDENTIFIER = com.rcbdev.MobileChallenge01;
				PRODUCT_NAME = "$(TARGET_NAME)";
				SUPPORTED_PLATFORMS = "iphoneos iphonesimulator";
				SUPPORTS_MACCATALYST = NO;
				SUPPORTS_MAC_DESIGNED_FOR_IPHONE_IPAD = NO;
				SWIFT_EMIT_LOC_STRINGS = YES;
				SWIFT_VERSION = 5.0;
				TARGETED_DEVICE_FAMILY = 1;
			};
			name = Debug;
		};
		5581CAF7297752FA0071613F /* Release */ = {
			isa = XCBuildConfiguration;
			buildSettings = {
				ASSETCATALOG_COMPILER_APPICON_NAME = AppIcon;
				ASSETCATALOG_COMPILER_GLOBAL_ACCENT_COLOR_NAME = AccentColor;
				CODE_SIGN_STYLE = Automatic;
				CURRENT_PROJECT_VERSION = 1;
				DEVELOPMENT_TEAM = 9VJNM48GB5;
				GENERATE_INFOPLIST_FILE = YES;
				INFOPLIST_FILE = MobileChallenge01/Application/Info.plist;
				INFOPLIST_KEY_CFBundleDisplayName = "Challenge BTG";
				INFOPLIST_KEY_LSApplicationCategoryType = "public.app-category.finance";
				INFOPLIST_KEY_UIApplicationSupportsIndirectInputEvents = YES;
				INFOPLIST_KEY_UILaunchStoryboardName = LaunchScreen;
				INFOPLIST_KEY_UIMainStoryboardFile = "";
				INFOPLIST_KEY_UIStatusBarStyle = "";
				INFOPLIST_KEY_UISupportedInterfaceOrientations = UIInterfaceOrientationPortrait;
				INFOPLIST_KEY_UISupportedInterfaceOrientations_iPad = "UIInterfaceOrientationLandscapeLeft UIInterfaceOrientationLandscapeRight UIInterfaceOrientationPortrait UIInterfaceOrientationPortraitUpsideDown";
				LD_RUNPATH_SEARCH_PATHS = (
					"$(inherited)",
					"@executable_path/Frameworks",
				);
				MARKETING_VERSION = 1.0;
				PRODUCT_BUNDLE_IDENTIFIER = com.rcbdev.MobileChallenge01;
				PRODUCT_NAME = "$(TARGET_NAME)";
				SUPPORTED_PLATFORMS = "iphoneos iphonesimulator";
				SUPPORTS_MACCATALYST = NO;
				SUPPORTS_MAC_DESIGNED_FOR_IPHONE_IPAD = NO;
				SWIFT_EMIT_LOC_STRINGS = YES;
				SWIFT_VERSION = 5.0;
				TARGETED_DEVICE_FAMILY = 1;
			};
			name = Release;
		};
		5581CAF9297752FA0071613F /* Debug */ = {
			isa = XCBuildConfiguration;
			buildSettings = {
				ALWAYS_EMBED_SWIFT_STANDARD_LIBRARIES = YES;
				BUNDLE_LOADER = "$(TEST_HOST)";
				CODE_SIGN_STYLE = Automatic;
				CURRENT_PROJECT_VERSION = 1;
				DEVELOPMENT_TEAM = 9VJNM48GB5;
				GENERATE_INFOPLIST_FILE = YES;
				IPHONEOS_DEPLOYMENT_TARGET = 16.2;
				MARKETING_VERSION = 1.0;
				PRODUCT_BUNDLE_IDENTIFIER = com.rcbdev.MobileChallenge01Tests;
				PRODUCT_NAME = "$(TARGET_NAME)";
				SUPPORTED_PLATFORMS = "iphoneos iphonesimulator";
				SUPPORTS_MACCATALYST = NO;
				SUPPORTS_MAC_DESIGNED_FOR_IPHONE_IPAD = NO;
				SWIFT_EMIT_LOC_STRINGS = NO;
				SWIFT_VERSION = 5.0;
				TARGETED_DEVICE_FAMILY = 1;
				TEST_HOST = "$(BUILT_PRODUCTS_DIR)/MobileChallenge01.app/$(BUNDLE_EXECUTABLE_FOLDER_PATH)/MobileChallenge01";
			};
			name = Debug;
		};
		5581CAFA297752FA0071613F /* Release */ = {
			isa = XCBuildConfiguration;
			buildSettings = {
				ALWAYS_EMBED_SWIFT_STANDARD_LIBRARIES = YES;
				BUNDLE_LOADER = "$(TEST_HOST)";
				CODE_SIGN_STYLE = Automatic;
				CURRENT_PROJECT_VERSION = 1;
				DEVELOPMENT_TEAM = 9VJNM48GB5;
				GENERATE_INFOPLIST_FILE = YES;
				IPHONEOS_DEPLOYMENT_TARGET = 16.2;
				MARKETING_VERSION = 1.0;
				PRODUCT_BUNDLE_IDENTIFIER = com.rcbdev.MobileChallenge01Tests;
				PRODUCT_NAME = "$(TARGET_NAME)";
				SUPPORTED_PLATFORMS = "iphoneos iphonesimulator";
				SUPPORTS_MACCATALYST = NO;
				SUPPORTS_MAC_DESIGNED_FOR_IPHONE_IPAD = NO;
				SWIFT_EMIT_LOC_STRINGS = NO;
				SWIFT_VERSION = 5.0;
				TARGETED_DEVICE_FAMILY = 1;
				TEST_HOST = "$(BUILT_PRODUCTS_DIR)/MobileChallenge01.app/$(BUNDLE_EXECUTABLE_FOLDER_PATH)/MobileChallenge01";
			};
			name = Release;
		};
		5581CAFC297752FA0071613F /* Debug */ = {
			isa = XCBuildConfiguration;
			buildSettings = {
				ALWAYS_EMBED_SWIFT_STANDARD_LIBRARIES = YES;
				CODE_SIGN_STYLE = Automatic;
				CURRENT_PROJECT_VERSION = 1;
				DEVELOPMENT_TEAM = 9VJNM48GB5;
				GENERATE_INFOPLIST_FILE = YES;
				MARKETING_VERSION = 1.0;
				PRODUCT_BUNDLE_IDENTIFIER = com.rcbdev.MobileChallenge01UITests;
				PRODUCT_NAME = "$(TARGET_NAME)";
				SUPPORTED_PLATFORMS = "iphoneos iphonesimulator";
				SUPPORTS_MACCATALYST = NO;
				SUPPORTS_MAC_DESIGNED_FOR_IPHONE_IPAD = NO;
				SWIFT_EMIT_LOC_STRINGS = NO;
				SWIFT_VERSION = 5.0;
				TARGETED_DEVICE_FAMILY = 1;
				TEST_TARGET_NAME = MobileChallenge01;
			};
			name = Debug;
		};
		5581CAFD297752FA0071613F /* Release */ = {
			isa = XCBuildConfiguration;
			buildSettings = {
				ALWAYS_EMBED_SWIFT_STANDARD_LIBRARIES = YES;
				CODE_SIGN_STYLE = Automatic;
				CURRENT_PROJECT_VERSION = 1;
				DEVELOPMENT_TEAM = 9VJNM48GB5;
				GENERATE_INFOPLIST_FILE = YES;
				MARKETING_VERSION = 1.0;
				PRODUCT_BUNDLE_IDENTIFIER = com.rcbdev.MobileChallenge01UITests;
				PRODUCT_NAME = "$(TARGET_NAME)";
				SUPPORTED_PLATFORMS = "iphoneos iphonesimulator";
				SUPPORTS_MACCATALYST = NO;
				SUPPORTS_MAC_DESIGNED_FOR_IPHONE_IPAD = NO;
				SWIFT_EMIT_LOC_STRINGS = NO;
				SWIFT_VERSION = 5.0;
				TARGETED_DEVICE_FAMILY = 1;
				TEST_TARGET_NAME = MobileChallenge01;
			};
			name = Release;
		};
/* End XCBuildConfiguration section */

/* Begin XCConfigurationList section */
		5581CAC3297752F90071613F /* Build configuration list for PBXProject "MobileChallenge01" */ = {
			isa = XCConfigurationList;
			buildConfigurations = (
				5581CAF3297752FA0071613F /* Debug */,
				5581CAF4297752FA0071613F /* Release */,
			);
			defaultConfigurationIsVisible = 0;
			defaultConfigurationName = Release;
		};
		5581CAF5297752FA0071613F /* Build configuration list for PBXNativeTarget "MobileChallenge01" */ = {
			isa = XCConfigurationList;
			buildConfigurations = (
				5581CAF6297752FA0071613F /* Debug */,
				5581CAF7297752FA0071613F /* Release */,
			);
			defaultConfigurationIsVisible = 0;
			defaultConfigurationName = Release;
		};
		5581CAF8297752FA0071613F /* Build configuration list for PBXNativeTarget "MobileChallenge01Tests" */ = {
			isa = XCConfigurationList;
			buildConfigurations = (
				5581CAF9297752FA0071613F /* Debug */,
				5581CAFA297752FA0071613F /* Release */,
			);
			defaultConfigurationIsVisible = 0;
			defaultConfigurationName = Release;
		};
		5581CAFB297752FA0071613F /* Build configuration list for PBXNativeTarget "MobileChallenge01UITests" */ = {
			isa = XCConfigurationList;
			buildConfigurations = (
				5581CAFC297752FA0071613F /* Debug */,
				5581CAFD297752FA0071613F /* Release */,
			);
			defaultConfigurationIsVisible = 0;
			defaultConfigurationName = Release;
		};
/* End XCConfigurationList section */

/* Begin XCSwiftPackageProductDependency section */
		55FA31CE29A7D020006B3971 /* NetworkLayer */ = {
			isa = XCSwiftPackageProductDependency;
			productName = NetworkLayer;
		};
/* End XCSwiftPackageProductDependency section */

/* Begin XCVersionGroup section */
		5581CAD4297752F90071613F /* MobileChallenge01.xcdatamodeld */ = {
			isa = XCVersionGroup;
			children = (
				5581CAD5297752F90071613F /* MobileChallenge01.xcdatamodel */,
			);
			currentVersion = 5581CAD5297752F90071613F /* MobileChallenge01.xcdatamodel */;
			path = MobileChallenge01.xcdatamodeld;
			sourceTree = "<group>";
			versionGroupType = wrapper.xcdatamodel;
		};
/* End XCVersionGroup section */
	};
	rootObject = 5581CAC0297752F90071613F /* Project object */;
}
